
Microsoft Visual Studio Solution File, Format Version 12.00
# Visual Studio 2012
Project("{FAE04EC0-301F-11D3-BF4B-00C04F79EFBC}") = "CacheProvider", "CacheProvider\CacheProvider.csproj", "{3B97FC3C-16C1-48B1-A14F-DF14A263FFDB}"
EndProject
Project("{FAE04EC0-301F-11D3-BF4B-00C04F79EFBC}") = "CacheProvider.Tests", "CacheProvider.Tests\CacheProvider.Tests.csproj", "{0D995E63-16BB-458E-BD01-13B164F211F1}"
EndProject
Global
	GlobalSection(SolutionConfigurationPlatforms) = preSolution
		Debug|Any CPU = Debug|Any CPU
		Release|Any CPU = Release|Any CPU
	EndGlobalSection
	GlobalSection(ProjectConfigurationPlatforms) = postSolution
		{3B97FC3C-16C1-48B1-A14F-DF14A263FFDB}.Debug|Any CPU.ActiveCfg = Debug|Any CPU
		{3B97FC3C-16C1-48B1-A14F-DF14A263FFDB}.Debug|Any CPU.Build.0 = Debug|Any CPU
		{3B97FC3C-16C1-48B1-A14F-DF14A263FFDB}.Release|Any CPU.ActiveCfg = Release|Any CPU
		{3B97FC3C-16C1-48B1-A14F-DF14A263FFDB}.Release|Any CPU.Build.0 = Release|Any CPU
		{0D995E63-16BB-458E-BD01-13B164F211F1}.Debug|Any CPU.ActiveCfg = Debug|Any CPU
		{0D995E63-16BB-458E-BD01-13B164F211F1}.Debug|Any CPU.Build.0 = Debug|Any CPU
		{0D995E63-16BB-458E-BD01-13B164F211F1}.Release|Any CPU.ActiveCfg = Release|Any CPU
		{0D995E63-16BB-458E-BD01-13B164F211F1}.Release|Any CPU.Build.0 = Release|Any CPU
	EndGlobalSection
	GlobalSection(SolutionProperties) = preSolution
		HideSolutionNode = FALSE
	EndGlobalSection
EndGlobal
